
Microsoft Visual Studio Solution File, Format Version 12.00
# Visual Studio Version 17
VisualStudioVersion = 17.0.31903.59
MinimumVisualStudioVersion = 10.0.40219.1
Project("{FAE04EC0-301F-11D3-BF4B-00C04F79EFBC}") = "Proyecto1", "Proyecto1\Proyecto1.csproj", "{DA4209C5-3B3E-43CE-BF32-FCB5DA9ED5F2}"
EndProject
Project("{FAE04EC0-301F-11D3-BF4B-00C04F79EFBC}") = "semana7", "semana7\semana7.csproj", "{5B9AB762-7589-4E4F-ADC5-8B605391E53B}"
EndProject
Project("{FAE04EC0-301F-11D3-BF4B-00C04F79EFBC}") = "semana7ejercicio9", "semana7ejercicio9\semana7ejercicio9.csproj", "{CE65CC28-C604-4F46-A107-5E4637CD1BAD}"
EndProject
Project("{FAE04EC0-301F-11D3-BF4B-00C04F79EFBC}") = "semana8", "semana8\semana8.csproj", "{206704F9-6450-488B-80A1-34146A185834}"
EndProject
Project("{FAE04EC0-301F-11D3-BF4B-00C04F79EFBC}") = "proyecto2", "proyecto2\proyecto2.csproj", "{1DAA27D3-68E4-47E3-AAE4-1D91A1D82222}"
EndProject
Global
	GlobalSection(SolutionConfigurationPlatforms) = preSolution
		Debug|Any CPU = Debug|Any CPU
		Release|Any CPU = Release|Any CPU
	EndGlobalSection
	GlobalSection(SolutionProperties) = preSolution
		HideSolutionNode = FALSE
	EndGlobalSection
	GlobalSection(ProjectConfigurationPlatforms) = postSolution
		{DA4209C5-3B3E-43CE-BF32-FCB5DA9ED5F2}.Debug|Any CPU.ActiveCfg = Debug|Any CPU
		{DA4209C5-3B3E-43CE-BF32-FCB5DA9ED5F2}.Debug|Any CPU.Build.0 = Debug|Any CPU
		{DA4209C5-3B3E-43CE-BF32-FCB5DA9ED5F2}.Release|Any CPU.ActiveCfg = Release|Any CPU
		{DA4209C5-3B3E-43CE-BF32-FCB5DA9ED5F2}.Release|Any CPU.Build.0 = Release|Any CPU
		{5B9AB762-7589-4E4F-ADC5-8B605391E53B}.Debug|Any CPU.ActiveCfg = Debug|Any CPU
		{5B9AB762-7589-4E4F-ADC5-8B605391E53B}.Debug|Any CPU.Build.0 = Debug|Any CPU
		{5B9AB762-7589-4E4F-ADC5-8B605391E53B}.Release|Any CPU.ActiveCfg = Release|Any CPU
		{5B9AB762-7589-4E4F-ADC5-8B605391E53B}.Release|Any CPU.Build.0 = Release|Any CPU
		{CE65CC28-C604-4F46-A107-5E4637CD1BAD}.Debug|Any CPU.ActiveCfg = Debug|Any CPU
		{CE65CC28-C604-4F46-A107-5E4637CD1BAD}.Debug|Any CPU.Build.0 = Debug|Any CPU
		{CE65CC28-C604-4F46-A107-5E4637CD1BAD}.Release|Any CPU.ActiveCfg = Release|Any CPU
		{CE65CC28-C604-4F46-A107-5E4637CD1BAD}.Release|Any CPU.Build.0 = Release|Any CPU
		{206704F9-6450-488B-80A1-34146A185834}.Debug|Any CPU.ActiveCfg = Debug|Any CPU
		{206704F9-6450-488B-80A1-34146A185834}.Debug|Any CPU.Build.0 = Debug|Any CPU
		{206704F9-6450-488B-80A1-34146A185834}.Release|Any CPU.ActiveCfg = Release|Any CPU
		{206704F9-6450-488B-80A1-34146A185834}.Release|Any CPU.Build.0 = Release|Any CPU
		{1DAA27D3-68E4-47E3-AAE4-1D91A1D82222}.Debug|Any CPU.ActiveCfg = Debug|Any CPU
		{1DAA27D3-68E4-47E3-AAE4-1D91A1D82222}.Debug|Any CPU.Build.0 = Debug|Any CPU
		{1DAA27D3-68E4-47E3-AAE4-1D91A1D82222}.Release|Any CPU.ActiveCfg = Release|Any CPU
		{1DAA27D3-68E4-47E3-AAE4-1D91A1D82222}.Release|Any CPU.Build.0 = Release|Any CPU
	EndGlobalSection
EndGlobal
